%{
  "argon2_elixir": {:hex, :argon2_elixir, "1.3.1", "02a3d55a2670d25df25d75adcef2d74662c72bbc85aba17ca0ea585764b59ef4", [:make, :mix], [{:elixir_make, "~> 0.4", [hex: :elixir_make, repo: "hexpm", optional: false]}], "hexpm"},
  "decimal": {:hex, :decimal, "1.5.0", "b0433a36d0e2430e3d50291b1c65f53c37d56f83665b43d79963684865beab68", [:mix], [], "hexpm"},
  "ecto": {:hex, :ecto, "2.2.11", "4bb8f11718b72ba97a2696f65d247a379e739a0ecabf6a13ad1face79844791c", [:mix], [{:db_connection, "~> 1.1", [hex: :db_connection, repo: "hexpm", optional: true]}, {:decimal, "~> 1.2", [hex: :decimal, repo: "hexpm", optional: false]}, {:mariaex, "~> 0.8.0", [hex: :mariaex, repo: "hexpm", optional: true]}, {:poison, "~> 2.2 or ~> 3.0", [hex: :poison, repo: "hexpm", optional: true]}, {:poolboy, "~> 1.5", [hex: :poolboy, repo: "hexpm", optional: false]}, {:postgrex, "~> 0.13.0", [hex: :postgrex, repo: "hexpm", optional: true]}, {:sbroker, "~> 1.0", [hex: :sbroker, repo: "hexpm", optional: true]}], "hexpm"},
  "elixir_make": {:hex, :elixir_make, "0.4.2", "332c649d08c18bc1ecc73b1befc68c647136de4f340b548844efc796405743bf", [:mix], [], "hexpm"},
  "html_sanitize_ex": {:hex, :html_sanitize_ex, "1.3.0", "f005ad692b717691203f940c686208aa3d8ffd9dd4bb3699240096a51fa9564e", [:mix], [{:mochiweb, "~> 2.15", [hex: :mochiweb, repo: "hexpm", optional: false]}], "hexpm"},
  "mochiweb": {:hex, :mochiweb, "2.18.0", "eb55f1db3e6e960fac4e6db4e2db9ec3602cc9f30b86cd1481d56545c3145d2e", [:rebar3], [], "hexpm"},
  "poolboy": {:hex, :poolboy, "1.5.1", "6b46163901cfd0a1b43d692657ed9d7e599853b3b21b95ae5ae0a777cf9b6ca8", [:rebar], [], "hexpm"},
  "stream_data": {:hex, :stream_data, "0.4.2", "fa86b78c88ec4eaa482c0891350fcc23f19a79059a687760ddcf8680aac2799b", [:mix], [], "hexpm"},
}
